# This file is automatically @generated by Cargo.
# It is not intended for manual editing.
version = 4

[[package]]
name = "hmcl-embedded-fixture"
version = "0.0.0"
dependencies = [
 "hmcl-plugin-sdk",
]

[[package]]
name = "hmcl-missing-query-fixture"
version = "0.0.0"

[[package]]
name = "hmcl-plugin-sdk"
version = "0.1.0"
dependencies = [
 "hmcl-runtime-abi",
]

[[package]]
name = "hmcl-runtime-abi"
version = "0.1.0"

[[package]]
name = "hmcl-wrong-abi-fixture"
version = "0.0.0"
dependencies = [
 "hmcl-runtime-abi",
]
